{
  "lockfile-version": 1,
  "manifest": {
    "version": 1,
    "install": {
      "go": {
        "pkg-path": "go",
        "version": "^1.23.3"
      }
    },
    "hook": {
      "on-activate": "  # Autogenerated by Flox\n\n  # Point GOENV to Flox environment cache\n  export GOENV=\"$FLOX_ENV_CACHE/goenv\"\n\n  # Install Go dependencies\n  go get .\n\n  # End autogenerated by Flox\n"
    },
    "profile": {},
    "options": {
      "systems": [
        "aarch64-darwin",
        "aarch64-linux",
        "x86_64-darwin",
        "x86_64-linux"
      ],
      "allow": {
        "licenses": []
      },
      "semver": {}
    }
  },
  "packages": [
    {
      "attr_path": "go",
      "broken": false,
      "derivation": "/nix/store/wxyw1f7wzna38gbdqxsb7h02jn3jx19b-go-1.23.4.drv",
      "description": "Go Programming language",
      "install_id": "go",
      "license": "BSD-3-Clause",
      "locked_url": "https://github.com/flox/nixpkgs?rev=9e4d5190a9482a1fb9d18adf0bdb83c6e506eaab",
      "name": "go-1.23.4",
      "pname": "go",
      "rev": "9e4d5190a9482a1fb9d18adf0bdb83c6e506eaab",
      "rev_count": 742084,
      "rev_date": "2025-01-21T14:28:11Z",
      "scrape_date": "2025-01-23T00:15:48Z",
      "stabilities": [
        "unstable"
      ],
      "unfree": false,
      "version": "1.23.4",
      "outputs_to_install": [
        "out"
      ],
      "outputs": {
        "out": "/nix/store/lg7l1czmd5hqwwhjszprdz342q98zmkw-go-1.23.4"
      },
      "system": "aarch64-darwin",
      "group": "toplevel",
      "priority": 5
    },
    {
      "attr_path": "go",
      "broken": false,
      "derivation": "/nix/store/y7am8b10cml7y41lihnaafc2gdagkdis-go-1.23.4.drv",
      "description": "Go Programming language",
      "install_id": "go",
      "license": "BSD-3-Clause",
      "locked_url": "https://github.com/flox/nixpkgs?rev=9e4d5190a9482a1fb9d18adf0bdb83c6e506eaab",
      "name": "go-1.23.4",
      "pname": "go",
      "rev": "9e4d5190a9482a1fb9d18adf0bdb83c6e506eaab",
      "rev_count": 742084,
      "rev_date": "2025-01-21T14:28:11Z",
      "scrape_date": "2025-01-23T00:15:48Z",
      "stabilities": [
        "unstable"
      ],
      "unfree": false,
      "version": "1.23.4",
      "outputs_to_install": [
        "out"
      ],
      "outputs": {
        "out": "/nix/store/2x7k6yj9z37s3d3x5j3kkz6bcak8k9qr-go-1.23.4"
      },
      "system": "aarch64-linux",
      "group": "toplevel",
      "priority": 5
    },
    {
      "attr_path": "go",
      "broken": false,
      "derivation": "/nix/store/z0dz4h31vdacqxdgpzdiyp1xbfpda53x-go-1.23.4.drv",
      "description": "Go Programming language",
      "install_id": "go",
      "license": "BSD-3-Clause",
      "locked_url": "https://github.com/flox/nixpkgs?rev=9e4d5190a9482a1fb9d18adf0bdb83c6e506eaab",
      "name": "go-1.23.4",
      "pname": "go",
      "rev": "9e4d5190a9482a1fb9d18adf0bdb83c6e506eaab",
      "rev_count": 742084,
      "rev_date": "2025-01-21T14:28:11Z",
      "scrape_date": "2025-01-23T00:15:48Z",
      "stabilities": [
        "unstable"
      ],
      "unfree": false,
      "version": "1.23.4",
      "outputs_to_install": [
        "out"
      ],
      "outputs": {
        "out": "/nix/store/8x0ag0v37rfy9z58a8yy3hakj3dzdr9c-go-1.23.4"
      },
      "system": "x86_64-darwin",
      "group": "toplevel",
      "priority": 5
    },
    {
      "attr_path": "go",
      "broken": false,
      "derivation": "/nix/store/slfvv9mfnws111d0lr35zgizm7y0k4mb-go-1.23.4.drv",
      "description": "Go Programming language",
      "install_id": "go",
      "license": "BSD-3-Clause",
      "locked_url": "https://github.com/flox/nixpkgs?rev=9e4d5190a9482a1fb9d18adf0bdb83c6e506eaab",
      "name": "go-1.23.4",
      "pname": "go",
      "rev": "9e4d5190a9482a1fb9d18adf0bdb83c6e506eaab",
      "rev_count": 742084,
      "rev_date": "2025-01-21T14:28:11Z",
      "scrape_date": "2025-01-23T00:15:48Z",
      "stabilities": [
        "unstable"
      ],
      "unfree": false,
      "version": "1.23.4",
      "outputs_to_install": [
        "out"
      ],
      "outputs": {
        "out": "/nix/store/0b6vsy4fa4i4qpk1011hi6251nwdg5y8-go-1.23.4"
      },
      "system": "x86_64-linux",
      "group": "toplevel",
      "priority": 5
    }
  ]
}